
Microsoft Visual Studio Solution File, Format Version 11.00
# Visual Studio 2010
Project("{2150E333-8FDC-42A3-9474-1A3956D46DE8}") = "Solution Items", "Solution Items", "{CEEFAE9A-6E13-4ADF-9C16-F36806A136BC}"
	ProjectSection(SolutionItems) = preProject
		Code Overview.htm = Code Overview.htm
		Syncronization.txt = Syncronization.txt
		TODO_Nov_9_07.txt = TODO_Nov_9_07.txt
		Troubleshooting.txt = Troubleshooting.txt
	EndProjectSection
EndProject
Project("{FAE04EC0-301F-11D3-BF4B-00C04F79EFBC}") = "Cicero", "WordGenerator\Cicero.csproj", "{AA55BBAF-9C99-4CC8-9FE3-D8F6A8B7EBA8}"
EndProject
Project("{FAE04EC0-301F-11D3-BF4B-00C04F79EFBC}") = "DataStructures", "DataStructures\DataStructures.csproj", "{07B67011-62AB-43E3-80F6-E00BCBFF8558}"
EndProject
Project("{FAE04EC0-301F-11D3-BF4B-00C04F79EFBC}") = "Atticus", "AtticusServer\Atticus.csproj", "{88DA2EF3-B748-43AB-8279-F22293844E29}"
EndProject
Project("{FAE04EC0-301F-11D3-BF4B-00C04F79EFBC}") = "Elgin", "Elgin\Elgin.csproj", "{5F033A41-24F6-4B51-9602-03301DA111CD}"
EndProject
Project("{FAE04EC0-301F-11D3-BF4B-00C04F79EFBC}") = "dotMath", "dotmath\dotMath.csproj", "{B2EBEDE8-441A-4CC2-80FF-5F290D528919}"
EndProject
Project("{FAE04EC0-301F-11D3-BF4B-00C04F79EFBC}") = "Virgil", "Virgil\Virgil.csproj", "{1BC89786-547E-4605-A56E-8BF08A35D822}"
EndProject
Project("{FAE04EC0-301F-11D3-BF4B-00C04F79EFBC}") = "ExampleServer", "ExampleServer\ExampleServer.csproj", "{E87C4F05-BCED-47F5-8A02-637A5A669E38}"
EndProject
Project("{8BC9CEB8-8B4A-11D0-8D11-00A0C91BC942}") = "HDF5DotNet", "HDF5dotNet\HDF5DotNet\HDF5DotNet.vcxproj", "{867FF22E-70FC-44D8-B827-0FCDFEFA1851}"
EndProject
Global
	GlobalSection(SubversionScc) = preSolution
		Svn-Managed = True
		Manager = AnkhSVN - Subversion Support for Visual Studio
	EndGlobalSection
	GlobalSection(SolutionConfigurationPlatforms) = preSolution
		Debug|Any CPU = Debug|Any CPU
		Debug|Mixed Platforms = Debug|Mixed Platforms
		Debug|Win32 = Debug|Win32
		Release|Any CPU = Release|Any CPU
		Release|Mixed Platforms = Release|Mixed Platforms
		Release|Win32 = Release|Win32
	EndGlobalSection
	GlobalSection(ProjectConfigurationPlatforms) = postSolution
		{AA55BBAF-9C99-4CC8-9FE3-D8F6A8B7EBA8}.Debug|Any CPU.ActiveCfg = Debug|Any CPU
		{AA55BBAF-9C99-4CC8-9FE3-D8F6A8B7EBA8}.Debug|Any CPU.Build.0 = Debug|Any CPU
		{AA55BBAF-9C99-4CC8-9FE3-D8F6A8B7EBA8}.Debug|Mixed Platforms.ActiveCfg = Debug|Any CPU
		{AA55BBAF-9C99-4CC8-9FE3-D8F6A8B7EBA8}.Debug|Mixed Platforms.Build.0 = Debug|Any CPU
		{AA55BBAF-9C99-4CC8-9FE3-D8F6A8B7EBA8}.Debug|Win32.ActiveCfg = Debug|Any CPU
		{AA55BBAF-9C99-4CC8-9FE3-D8F6A8B7EBA8}.Release|Any CPU.ActiveCfg = Release|Any CPU
		{AA55BBAF-9C99-4CC8-9FE3-D8F6A8B7EBA8}.Release|Any CPU.Build.0 = Release|Any CPU
		{AA55BBAF-9C99-4CC8-9FE3-D8F6A8B7EBA8}.Release|Mixed Platforms.ActiveCfg = Release|Any CPU
		{AA55BBAF-9C99-4CC8-9FE3-D8F6A8B7EBA8}.Release|Mixed Platforms.Build.0 = Release|Any CPU
		{AA55BBAF-9C99-4CC8-9FE3-D8F6A8B7EBA8}.Release|Win32.ActiveCfg = Release|Any CPU
		{07B67011-62AB-43E3-80F6-E00BCBFF8558}.Debug|Any CPU.ActiveCfg = Debug|Any CPU
		{07B67011-62AB-43E3-80F6-E00BCBFF8558}.Debug|Any CPU.Build.0 = Debug|Any CPU
		{07B67011-62AB-43E3-80F6-E00BCBFF8558}.Debug|Mixed Platforms.ActiveCfg = Debug|Any CPU
		{07B67011-62AB-43E3-80F6-E00BCBFF8558}.Debug|Mixed Platforms.Build.0 = Debug|Any CPU
		{07B67011-62AB-43E3-80F6-E00BCBFF8558}.Debug|Win32.ActiveCfg = Debug|Any CPU
		{07B67011-62AB-43E3-80F6-E00BCBFF8558}.Release|Any CPU.ActiveCfg = Release|Any CPU
		{07B67011-62AB-43E3-80F6-E00BCBFF8558}.Release|Any CPU.Build.0 = Release|Any CPU
		{07B67011-62AB-43E3-80F6-E00BCBFF8558}.Release|Mixed Platforms.ActiveCfg = Release|Any CPU
		{07B67011-62AB-43E3-80F6-E00BCBFF8558}.Release|Mixed Platforms.Build.0 = Release|Any CPU
		{07B67011-62AB-43E3-80F6-E00BCBFF8558}.Release|Win32.ActiveCfg = Release|Any CPU
		{88DA2EF3-B748-43AB-8279-F22293844E29}.Debug|Any CPU.ActiveCfg = Debug|Any CPU
		{88DA2EF3-B748-43AB-8279-F22293844E29}.Debug|Any CPU.Build.0 = Debug|Any CPU
		{88DA2EF3-B748-43AB-8279-F22293844E29}.Debug|Mixed Platforms.ActiveCfg = Debug|Any CPU
		{88DA2EF3-B748-43AB-8279-F22293844E29}.Debug|Mixed Platforms.Build.0 = Debug|Any CPU
		{88DA2EF3-B748-43AB-8279-F22293844E29}.Debug|Win32.ActiveCfg = Debug|Any CPU
		{88DA2EF3-B748-43AB-8279-F22293844E29}.Release|Any CPU.ActiveCfg = Release|Any CPU
		{88DA2EF3-B748-43AB-8279-F22293844E29}.Release|Any CPU.Build.0 = Release|Any CPU
		{88DA2EF3-B748-43AB-8279-F22293844E29}.Release|Mixed Platforms.ActiveCfg = Release|Any CPU
		{88DA2EF3-B748-43AB-8279-F22293844E29}.Release|Mixed Platforms.Build.0 = Release|Any CPU
		{88DA2EF3-B748-43AB-8279-F22293844E29}.Release|Win32.ActiveCfg = Release|Any CPU
		{5F033A41-24F6-4B51-9602-03301DA111CD}.Debug|Any CPU.ActiveCfg = Debug|Any CPU
		{5F033A41-24F6-4B51-9602-03301DA111CD}.Debug|Any CPU.Build.0 = Debug|Any CPU
		{5F033A41-24F6-4B51-9602-03301DA111CD}.Debug|Mixed Platforms.ActiveCfg = Debug|Any CPU
		{5F033A41-24F6-4B51-9602-03301DA111CD}.Debug|Mixed Platforms.Build.0 = Debug|Any CPU
		{5F033A41-24F6-4B51-9602-03301DA111CD}.Debug|Win32.ActiveCfg = Debug|Any CPU
		{5F033A41-24F6-4B51-9602-03301DA111CD}.Release|Any CPU.ActiveCfg = Release|Any CPU
		{5F033A41-24F6-4B51-9602-03301DA111CD}.Release|Any CPU.Build.0 = Release|Any CPU
		{5F033A41-24F6-4B51-9602-03301DA111CD}.Release|Mixed Platforms.ActiveCfg = Release|Any CPU
		{5F033A41-24F6-4B51-9602-03301DA111CD}.Release|Mixed Platforms.Build.0 = Release|Any CPU
		{5F033A41-24F6-4B51-9602-03301DA111CD}.Release|Win32.ActiveCfg = Release|Any CPU
		{B2EBEDE8-441A-4CC2-80FF-5F290D528919}.Debug|Any CPU.ActiveCfg = Debug|Any CPU
		{B2EBEDE8-441A-4CC2-80FF-5F290D528919}.Debug|Any CPU.Build.0 = Debug|Any CPU
		{B2EBEDE8-441A-4CC2-80FF-5F290D528919}.Debug|Mixed Platforms.ActiveCfg = Debug|Any CPU
		{B2EBEDE8-441A-4CC2-80FF-5F290D528919}.Debug|Mixed Platforms.Build.0 = Debug|Any CPU
		{B2EBEDE8-441A-4CC2-80FF-5F290D528919}.Debug|Win32.ActiveCfg = Debug|Any CPU
		{B2EBEDE8-441A-4CC2-80FF-5F290D528919}.Release|Any CPU.ActiveCfg = Release|Any CPU
		{B2EBEDE8-441A-4CC2-80FF-5F290D528919}.Release|Any CPU.Build.0 = Release|Any CPU
		{B2EBEDE8-441A-4CC2-80FF-5F290D528919}.Release|Mixed Platforms.ActiveCfg = Release|Any CPU
		{B2EBEDE8-441A-4CC2-80FF-5F290D528919}.Release|Mixed Platforms.Build.0 = Release|Any CPU
		{B2EBEDE8-441A-4CC2-80FF-5F290D528919}.Release|Win32.ActiveCfg = Release|Any CPU
		{1BC89786-547E-4605-A56E-8BF08A35D822}.Debug|Any CPU.ActiveCfg = Debug|Any CPU
		{1BC89786-547E-4605-A56E-8BF08A35D822}.Debug|Any CPU.Build.0 = Debug|Any CPU
		{1BC89786-547E-4605-A56E-8BF08A35D822}.Debug|Mixed Platforms.ActiveCfg = Debug|Any CPU
		{1BC89786-547E-4605-A56E-8BF08A35D822}.Debug|Mixed Platforms.Build.0 = Debug|Any CPU
		{1BC89786-547E-4605-A56E-8BF08A35D822}.Debug|Win32.ActiveCfg = Debug|Any CPU
		{1BC89786-547E-4605-A56E-8BF08A35D822}.Release|Any CPU.ActiveCfg = Release|Any CPU
		{1BC89786-547E-4605-A56E-8BF08A35D822}.Release|Any CPU.Build.0 = Release|Any CPU
		{1BC89786-547E-4605-A56E-8BF08A35D822}.Release|Mixed Platforms.ActiveCfg = Release|Any CPU
		{1BC89786-547E-4605-A56E-8BF08A35D822}.Release|Mixed Platforms.Build.0 = Release|Any CPU
		{1BC89786-547E-4605-A56E-8BF08A35D822}.Release|Win32.ActiveCfg = Release|Any CPU
		{E87C4F05-BCED-47F5-8A02-637A5A669E38}.Debug|Any CPU.ActiveCfg = Debug|Any CPU
		{E87C4F05-BCED-47F5-8A02-637A5A669E38}.Debug|Any CPU.Build.0 = Debug|Any CPU
		{E87C4F05-BCED-47F5-8A02-637A5A669E38}.Debug|Mixed Platforms.ActiveCfg = Debug|Any CPU
		{E87C4F05-BCED-47F5-8A02-637A5A669E38}.Debug|Mixed Platforms.Build.0 = Debug|Any CPU
		{E87C4F05-BCED-47F5-8A02-637A5A669E38}.Debug|Win32.ActiveCfg = Debug|Any CPU
		{E87C4F05-BCED-47F5-8A02-637A5A669E38}.Release|Any CPU.ActiveCfg = Release|Any CPU
		{E87C4F05-BCED-47F5-8A02-637A5A669E38}.Release|Any CPU.Build.0 = Release|Any CPU
		{E87C4F05-BCED-47F5-8A02-637A5A669E38}.Release|Mixed Platforms.ActiveCfg = Release|Any CPU
		{E87C4F05-BCED-47F5-8A02-637A5A669E38}.Release|Mixed Platforms.Build.0 = Release|Any CPU
		{E87C4F05-BCED-47F5-8A02-637A5A669E38}.Release|Win32.ActiveCfg = Release|Any CPU
		{867FF22E-70FC-44D8-B827-0FCDFEFA1851}.Debug|Any CPU.ActiveCfg = Debug|Win32
		{867FF22E-70FC-44D8-B827-0FCDFEFA1851}.Debug|Mixed Platforms.ActiveCfg = Debug|Win32
		{867FF22E-70FC-44D8-B827-0FCDFEFA1851}.Debug|Mixed Platforms.Build.0 = Debug|Win32
		{867FF22E-70FC-44D8-B827-0FCDFEFA1851}.Debug|Win32.ActiveCfg = Debug|Win32
		{867FF22E-70FC-44D8-B827-0FCDFEFA1851}.Debug|Win32.Build.0 = Debug|Win32
		{867FF22E-70FC-44D8-B827-0FCDFEFA1851}.Release|Any CPU.ActiveCfg = Release|Win32
		{867FF22E-70FC-44D8-B827-0FCDFEFA1851}.Release|Mixed Platforms.ActiveCfg = Release|Win32
		{867FF22E-70FC-44D8-B827-0FCDFEFA1851}.Release|Mixed Platforms.Build.0 = Release|Win32
		{867FF22E-70FC-44D8-B827-0FCDFEFA1851}.Release|Win32.ActiveCfg = Release|Win32
		{867FF22E-70FC-44D8-B827-0FCDFEFA1851}.Release|Win32.Build.0 = Release|Win32
	EndGlobalSection
	GlobalSection(SolutionProperties) = preSolution
		HideSolutionNode = FALSE
	EndGlobalSection
	GlobalSection(ExtensibilityGlobals) = postSolution
		VisualSVNWorkingCopyRoot = 
	EndGlobalSection
EndGlobal
